{
  "name": "webservice",
  "version": "0.5.2",
  "dependencies": {
    "colors": {
      "version": "0.6.2",
      "from": "colors@0.6.2",
      "resolved": "https://registry.npmjs.org/colors/-/colors-0.6.2.tgz"
    },
    "eyes": {
      "version": "0.1.8",
      "from": "eyes@>= 0.1.7",
      "resolved": "https://registry.npmjs.org/eyes/-/eyes-0.1.8.tgz"
    },
    "journey": {
      "version": "0.4.0-pre-2",
      "from": "journey@git://github.com/TriggeredMessaging/journey.git",
      "resolved": "git://github.com/TriggeredMessaging/journey.git#33e28d4eccc888eb96132c66895a3921173c9bb1"
    },
    "revalidator": {
      "version": "0.1.5",
      "from": "revalidator@>= 0.1.0",
      "resolved": "https://registry.npmjs.org/revalidator/-/revalidator-0.1.5.tgz"
    }
  }
}
